
Microsoft Visual Studio Solution File, Format Version 12.00
# Visual Studio Version 17
VisualStudioVersion = 17.10.35013.160
MinimumVisualStudioVersion = 10.0.40219.1
Project("{FAE04EC0-301F-11D3-BF4B-00C04F79EFBC}") = "RentalFlix", "RentalFlix\RentalFlix.csproj", "{416F0752-970C-48E5-93E3-E7DB15C80396}"
EndProject
Global
	GlobalSection(SolutionConfigurationPlatforms) = preSolution
		Debug|Any CPU = Debug|Any CPU
		Release|Any CPU = Release|Any CPU
	EndGlobalSection
	GlobalSection(ProjectConfigurationPlatforms) = postSolution
		{416F0752-970C-48E5-93E3-E7DB15C80396}.Debug|Any CPU.ActiveCfg = Debug|Any CPU
		{416F0752-970C-48E5-93E3-E7DB15C80396}.Debug|Any CPU.Build.0 = Debug|Any CPU
		{416F0752-970C-48E5-93E3-E7DB15C80396}.Release|Any CPU.ActiveCfg = Release|Any CPU
		{416F0752-970C-48E5-93E3-E7DB15C80396}.Release|Any CPU.Build.0 = Release|Any CPU
	EndGlobalSection
	GlobalSection(SolutionProperties) = preSolution
		HideSolutionNode = FALSE
	EndGlobalSection
	GlobalSection(ExtensibilityGlobals) = postSolution
		SolutionGuid = {2E52D915-75FE-413D-99D5-80871E5E48F0}
	EndGlobalSection
EndGlobal
